Microsoft Visual Studio Solution File, Format Version 12.00
# Visual Studio Version 17
VisualStudioVersion = 17.5.2.0
MinimumVisualStudioVersion = 10.0.40219.1
Project("{2150E333-8FDC-42A3-9474-1A3956D46DE8}") = "RegistrationProject", "RegistrationProject", "{337C6985-3256-CB7B-E5CC-FDBC58C70CD6}"
EndProject
Project("{FAE04EC0-301F-11D3-BF4B-00C04F79EFBC}") = "registration-api-Leterrian", "RegistrationProject\registration-api-Leterrian.csproj", "{50B2843E-247D-3BCF-9D79-D2D496987ABA}"
EndProject
Global
	GlobalSection(SolutionConfigurationPlatforms) = preSolution
		Debug|Any CPU = Debug|Any CPU
		Release|Any CPU = Release|Any CPU
	EndGlobalSection
	GlobalSection(ProjectConfigurationPlatforms) = postSolution
		{50B2843E-247D-3BCF-9D79-D2D496987ABA}.Debug|Any CPU.ActiveCfg = Debug|Any CPU
		{50B2843E-247D-3BCF-9D79-D2D496987ABA}.Debug|Any CPU.Build.0 = Debug|Any CPU
		{50B2843E-247D-3BCF-9D79-D2D496987ABA}.Release|Any CPU.ActiveCfg = Release|Any CPU
		{50B2843E-247D-3BCF-9D79-D2D496987ABA}.Release|Any CPU.Build.0 = Release|Any CPU
	EndGlobalSection
	GlobalSection(SolutionProperties) = preSolution
		HideSolutionNode = FALSE
	EndGlobalSection
	GlobalSection(NestedProjects) = preSolution
		{50B2843E-247D-3BCF-9D79-D2D496987ABA} = {337C6985-3256-CB7B-E5CC-FDBC58C70CD6}
	EndGlobalSection
	GlobalSection(ExtensibilityGlobals) = postSolution
		SolutionGuid = {ADA3FAC0-4C15-4590-9E44-325B63D479E7}
	EndGlobalSection
EndGlobal
